// !$*UTF8*$!
{
	archiveVersion = 1;
	classes = {
	};
	objectVersion = 56;
	objects = {

/* Begin PBXBuildFile section */
		DD9F37F72C14E9FD00E5319F /* RMService.swift in Sources */ = {isa = PBXBuildFile; fileRef = DD9F37F62C14E9FD00E5319F /* RMService.swift */; };
		DD9F37F92C14EA1000E5319F /* RMRequest.swift in Sources */ = {isa = PBXBuildFile; fileRef = DD9F37F82C14EA1000E5319F /* RMRequest.swift */; };
		DD9F37FB2C14EA9800E5319F /* RMEndpoint.swift in Sources */ = {isa = PBXBuildFile; fileRef = DD9F37FA2C14EA9800E5319F /* RMEndpoint.swift */; };
		DDC51D202C13EC89007C82AA /* AppDelegate.swift in Sources */ = {isa = PBXBuildFile; fileRef = DDC51D1F2C13EC89007C82AA /* AppDelegate.swift */; };
		DDC51D222C13EC89007C82AA /* SceneDelegate.swift in Sources */ = {isa = PBXBuildFile; fileRef = DDC51D212C13EC89007C82AA /* SceneDelegate.swift */; };
		DDC51D242C13EC89007C82AA /* RMTavViewController.swift in Sources */ = {isa = PBXBuildFile; fileRef = DDC51D232C13EC89007C82AA /* RMTavViewController.swift */; };
		DDC51D292C13EC89007C82AA /* Assets.xcassets in Resources */ = {isa = PBXBuildFile; fileRef = DDC51D282C13EC89007C82AA /* Assets.xcassets */; };
		DDC51D2C2C13EC89007C82AA /* LaunchScreen.storyboard in Resources */ = {isa = PBXBuildFile; fileRef = DDC51D2A2C13EC89007C82AA /* LaunchScreen.storyboard */; };
		DDC51D3B2C13F00F007C82AA /* RMLocation.swift in Sources */ = {isa = PBXBuildFile; fileRef = DDC51D3A2C13F00F007C82AA /* RMLocation.swift */; };
		DDC51D3D2C13F019007C82AA /* RMCharacter.swift in Sources */ = {isa = PBXBuildFile; fileRef = DDC51D3C2C13F019007C82AA /* RMCharacter.swift */; };
		DDC51D3F2C13F028007C82AA /* RMEpisode.swift in Sources */ = {isa = PBXBuildFile; fileRef = DDC51D3E2C13F028007C82AA /* RMEpisode.swift */; };
		DDC51D422C13F0B3007C82AA /* RMCharacterViewController.swift in Sources */ = {isa = PBXBuildFile; fileRef = DDC51D412C13F0B3007C82AA /* RMCharacterViewController.swift */; };
		DDC51D442C13F0C1007C82AA /* RMLocationViewController.swift in Sources */ = {isa = PBXBuildFile; fileRef = DDC51D432C13F0C1007C82AA /* RMLocationViewController.swift */; };
		DDC51D462C13F0D9007C82AA /* RMEpisodeViewController.swift in Sources */ = {isa = PBXBuildFile; fileRef = DDC51D452C13F0D9007C82AA /* RMEpisodeViewController.swift */; };
		DDC51D482C13F0E4007C82AA /* RMSettingsViewController.swift in Sources */ = {isa = PBXBuildFile; fileRef = DDC51D472C13F0E4007C82AA /* RMSettingsViewController.swift */; };
/* End PBXBuildFile section */

/* Begin PBXFileReference section */
		DD9F37F62C14E9FD00E5319F /* RMService.swift */ = {isa = PBXFileReference; lastKnownFileType = sourcecode.swift; path = RMService.swift; sourceTree = "<group>"; };
		DD9F37F82C14EA1000E5319F /* RMRequest.swift */ = {isa = PBXFileReference; lastKnownFileType = sourcecode.swift; path = RMRequest.swift; sourceTree = "<group>"; };
		DD9F37FA2C14EA9800E5319F /* RMEndpoint.swift */ = {isa = PBXFileReference; lastKnownFileType = sourcecode.swift; path = RMEndpoint.swift; sourceTree = "<group>"; };
		DDC51D1C2C13EC89007C82AA /* RickAndMorty.app */ = {isa = PBXFileReference; explicitFileType = wrapper.application; includeInIndex = 0; path = RickAndMorty.app; sourceTree = BUILT_PRODUCTS_DIR; };
		DDC51D1F2C13EC89007C82AA /* AppDelegate.swift */ = {isa = PBXFileReference; lastKnownFileType = sourcecode.swift; path = AppDelegate.swift; sourceTree = "<group>"; };
		DDC51D212C13EC89007C82AA /* SceneDelegate.swift */ = {isa = PBXFileReference; lastKnownFileType = sourcecode.swift; path = SceneDelegate.swift; sourceTree = "<group>"; };
		DDC51D232C13EC89007C82AA /* RMTavViewController.swift */ = {isa = PBXFileReference; lastKnownFileType = sourcecode.swift; path = RMTavViewController.swift; sourceTree = "<group>"; };
		DDC51D282C13EC89007C82AA /* Assets.xcassets */ = {isa = PBXFileReference; lastKnownFileType = folder.assetcatalog; path = Assets.xcassets; sourceTree = "<group>"; };
		DDC51D2B2C13EC89007C82AA /* Base */ = {isa = PBXFileReference; lastKnownFileType = file.storyboard; name = Base; path = Base.lproj/LaunchScreen.storyboard; sourceTree = "<group>"; };
		DDC51D2D2C13EC89007C82AA /* Info.plist */ = {isa = PBXFileReference; lastKnownFileType = text.plist.xml; path = Info.plist; sourceTree = "<group>"; };
		DDC51D3A2C13F00F007C82AA /* RMLocation.swift */ = {isa = PBXFileReference; lastKnownFileType = sourcecode.swift; path = RMLocation.swift; sourceTree = "<group>"; };
		DDC51D3C2C13F019007C82AA /* RMCharacter.swift */ = {isa = PBXFileReference; lastKnownFileType = sourcecode.swift; path = RMCharacter.swift; sourceTree = "<group>"; };
		DDC51D3E2C13F028007C82AA /* RMEpisode.swift */ = {isa = PBXFileReference; lastKnownFileType = sourcecode.swift; path = RMEpisode.swift; sourceTree = "<group>"; };
		DDC51D412C13F0B3007C82AA /* RMCharacterViewController.swift */ = {isa = PBXFileReference; lastKnownFileType = sourcecode.swift; path = RMCharacterViewController.swift; sourceTree = "<group>"; };
		DDC51D432C13F0C1007C82AA /* RMLocationViewController.swift */ = {isa = PBXFileReference; lastKnownFileType = sourcecode.swift; path = RMLocationViewController.swift; sourceTree = "<group>"; };
		DDC51D452C13F0D9007C82AA /* RMEpisodeViewController.swift */ = {isa = PBXFileReference; lastKnownFileType = sourcecode.swift; path = RMEpisodeViewController.swift; sourceTree = "<group>"; };
		DDC51D472C13F0E4007C82AA /* RMSettingsViewController.swift */ = {isa = PBXFileReference; lastKnownFileType = sourcecode.swift; path = RMSettingsViewController.swift; sourceTree = "<group>"; };
/* End PBXFileReference section */

/* Begin PBXFrameworksBuildPhase section */
		DDC51D192C13EC89007C82AA /* Frameworks */ = {
			isa = PBXFrameworksBuildPhase;
			buildActionMask = 2147483647;
			files = (
			);
			runOnlyForDeploymentPostprocessing = 0;
		};
/* End PBXFrameworksBuildPhase section */

/* Begin PBXGroup section */
		DDC51D132C13EC89007C82AA = {
			isa = PBXGroup;
			children = (
				DDC51D1E2C13EC89007C82AA /* RickAndMorty */,
				DDC51D1D2C13EC89007C82AA /* Products */,
			);
			sourceTree = "<group>";
		};
		DDC51D1D2C13EC89007C82AA /* Products */ = {
			isa = PBXGroup;
			children = (
				DDC51D1C2C13EC89007C82AA /* RickAndMorty.app */,
			);
			name = Products;
			sourceTree = "<group>";
		};
		DDC51D1E2C13EC89007C82AA /* RickAndMorty */ = {
			isa = PBXGroup;
			children = (
				DDC51D392C13EF0F007C82AA /* Resources */,
				DDC51D382C13EF07007C82AA /* Managers */,
				DDC51D372C13EEFD007C82AA /* APIClient */,
				DDC51D342C13EEE9007C82AA /* ViewModels */,
				DDC51D362C13EEF6007C82AA /* Views */,
				DDC51D332C13EEDD007C82AA /* Models */,
				DDC51D352C13EEF0007C82AA /* Controllers */,
				DDC51D2D2C13EC89007C82AA /* Info.plist */,
			);
			path = RickAndMorty;
			sourceTree = "<group>";
		};
		DDC51D332C13EEDD007C82AA /* Models */ = {
			isa = PBXGroup;
			children = (
				DDC51D3A2C13F00F007C82AA /* RMLocation.swift */,
				DDC51D3C2C13F019007C82AA /* RMCharacter.swift */,
				DDC51D3E2C13F028007C82AA /* RMEpisode.swift */,
			);
			path = Models;
			sourceTree = "<group>";
		};
		DDC51D342C13EEE9007C82AA /* ViewModels */ = {
			isa = PBXGroup;
			children = (
			);
			path = ViewModels;
			sourceTree = "<group>";
		};
		DDC51D352C13EEF0007C82AA /* Controllers */ = {
			isa = PBXGroup;
			children = (
				DDC51D402C13F09C007C82AA /* Core */,
			);
			path = Controllers;
			sourceTree = "<group>";
		};
		DDC51D362C13EEF6007C82AA /* Views */ = {
			isa = PBXGroup;
			children = (
			);
			path = Views;
			sourceTree = "<group>";
		};
		DDC51D372C13EEFD007C82AA /* APIClient */ = {
			isa = PBXGroup;
			children = (
				DD9F37F62C14E9FD00E5319F /* RMService.swift */,
				DD9F37F82C14EA1000E5319F /* RMRequest.swift */,
				DD9F37FA2C14EA9800E5319F /* RMEndpoint.swift */,
			);
			path = APIClient;
			sourceTree = "<group>";
		};
		DDC51D382C13EF07007C82AA /* Managers */ = {
			isa = PBXGroup;
			children = (
			);
			path = Managers;
			sourceTree = "<group>";
		};
		DDC51D392C13EF0F007C82AA /* Resources */ = {
			isa = PBXGroup;
			children = (
				DDC51D282C13EC89007C82AA /* Assets.xcassets */,
				DDC51D2A2C13EC89007C82AA /* LaunchScreen.storyboard */,
				DDC51D1F2C13EC89007C82AA /* AppDelegate.swift */,
				DDC51D212C13EC89007C82AA /* SceneDelegate.swift */,
			);
			path = Resources;
			sourceTree = "<group>";
		};
		DDC51D402C13F09C007C82AA /* Core */ = {
			isa = PBXGroup;
			children = (
				DDC51D232C13EC89007C82AA /* RMTavViewController.swift */,
				DDC51D412C13F0B3007C82AA /* RMCharacterViewController.swift */,
				DDC51D432C13F0C1007C82AA /* RMLocationViewController.swift */,
				DDC51D452C13F0D9007C82AA /* RMEpisodeViewController.swift */,
				DDC51D472C13F0E4007C82AA /* RMSettingsViewController.swift */,
			);
			path = Core;
			sourceTree = "<group>";
		};
/* End PBXGroup section */

/* Begin PBXNativeTarget section */
		DDC51D1B2C13EC89007C82AA /* RickAndMorty */ = {
			isa = PBXNativeTarget;
			buildConfigurationList = DDC51D302C13EC89007C82AA /* Build configuration list for PBXNativeTarget "RickAndMorty" */;
			buildPhases = (
				DDC51D182C13EC89007C82AA /* Sources */,
				DDC51D192C13EC89007C82AA /* Frameworks */,
				DDC51D1A2C13EC89007C82AA /* Resources */,
			);
			buildRules = (
			);
			dependencies = (
			);
			name = RickAndMorty;
			productName = RickAndMorty;
			productReference = DDC51D1C2C13EC89007C82AA /* RickAndMorty.app */;
			productType = "com.apple.product-type.application";
		};
/* End PBXNativeTarget section */

/* Begin PBXProject section */
		DDC51D142C13EC89007C82AA /* Project object */ = {
			isa = PBXProject;
			attributes = {
				BuildIndependentTargetsInParallel = 1;
				LastSwiftUpdateCheck = 1410;
				LastUpgradeCheck = 1410;
				TargetAttributes = {
					DDC51D1B2C13EC89007C82AA = {
						CreatedOnToolsVersion = 14.1;
					};
				};
			};
			buildConfigurationList = DDC51D172C13EC89007C82AA /* Build configuration list for PBXProject "RickAndMorty" */;
			compatibilityVersion = "Xcode 14.0";
			developmentRegion = en;
			hasScannedForEncodings = 0;
			knownRegions = (
				en,
				Base,
			);
			mainGroup = DDC51D132C13EC89007C82AA;
			productRefGroup = DDC51D1D2C13EC89007C82AA /* Products */;
			projectDirPath = "";
			projectRoot = "";
			targets = (
				DDC51D1B2C13EC89007C82AA /* RickAndMorty */,
			);
		};
/* End PBXProject section */

/* Begin PBXResourcesBuildPhase section */
		DDC51D1A2C13EC89007C82AA /* Resources */ = {
			isa = PBXResourcesBuildPhase;
			buildActionMask = 2147483647;
			files = (
				DDC51D2C2C13EC89007C82AA /* LaunchScreen.storyboard in Resources */,
				DDC51D292C13EC89007C82AA /* Assets.xcassets in Resources */,
			);
			runOnlyForDeploymentPostprocessing = 0;
		};
/* End PBXResourcesBuildPhase section */

/* Begin PBXSourcesBuildPhase section */
		DDC51D182C13EC89007C82AA /* Sources */ = {
			isa = PBXSourcesBuildPhase;
			buildActionMask = 2147483647;
			files = (
				DDC51D442C13F0C1007C82AA /* RMLocationViewController.swift in Sources */,
				DDC51D3F2C13F028007C82AA /* RMEpisode.swift in Sources */,
				DDC51D242C13EC89007C82AA /* RMTavViewController.swift in Sources */,
				DDC51D462C13F0D9007C82AA /* RMEpisodeViewController.swift in Sources */,
				DDC51D202C13EC89007C82AA /* AppDelegate.swift in Sources */,
				DDC51D222C13EC89007C82AA /* SceneDelegate.swift in Sources */,
				DDC51D482C13F0E4007C82AA /* RMSettingsViewController.swift in Sources */,
				DD9F37FB2C14EA9800E5319F /* RMEndpoint.swift in Sources */,
				DD9F37F72C14E9FD00E5319F /* RMService.swift in Sources */,
				DDC51D3B2C13F00F007C82AA /* RMLocation.swift in Sources */,
				DDC51D3D2C13F019007C82AA /* RMCharacter.swift in Sources */,
				DD9F37F92C14EA1000E5319F /* RMRequest.swift in Sources */,
				DDC51D422C13F0B3007C82AA /* RMCharacterViewController.swift in Sources */,
			);
			runOnlyForDeploymentPostprocessing = 0;
		};
/* End PBXSourcesBuildPhase section */

/* Begin PBXVariantGroup section */
		DDC51D2A2C13EC89007C82AA /* LaunchScreen.storyboard */ = {
			isa = PBXVariantGroup;
			children = (
				DDC51D2B2C13EC89007C82AA /* Base */,
			);
			name = LaunchScreen.storyboard;
			sourceTree = "<group>";
		};
/* End PBXVariantGroup section */

/* Begin XCBuildConfiguration section */
		DDC51D2E2C13EC89007C82AA /* Debug */ = {
			isa = XCBuildConfiguration;
			buildSettings = {
				ALWAYS_SEARCH_USER_PATHS = NO;
				CLANG_ANALYZER_NONNULL = YES;
				CLANG_ANALYZER_NUMBER_OBJECT_CONVERSION = YES_AGGRESSIVE;
				CLANG_CXX_LANGUAGE_STANDARD = "gnu++20";
				CLANG_ENABLE_MODULES = YES;
				CLANG_ENABLE_OBJC_ARC = YES;
				CLANG_ENABLE_OBJC_WEAK = YES;
				CLANG_WARN_BLOCK_CAPTURE_AUTORELEASING = YES;
				CLANG_WARN_BOOL_CONVERSION = YES;
				CLANG_WARN_COMMA = YES;
				CLANG_WARN_CONSTANT_CONVERSION = YES;
				CLANG_WARN_DEPRECATED_OBJC_IMPLEMENTATIONS = YES;
				CLANG_WARN_DIRECT_OBJC_ISA_USAGE = YES_ERROR;
				CLANG_WARN_DOCUMENTATION_COMMENTS = YES;
				CLANG_WARN_EMPTY_BODY = YES;
				CLANG_WARN_ENUM_CONVERSION = YES;
				CLANG_WARN_INFINITE_RECURSION = YES;
				CLANG_WARN_INT_CONVERSION = YES;
				CLANG_WARN_NON_LITERAL_NULL_CONVERSION = YES;
				CLANG_WARN_OBJC_IMPLICIT_RETAIN_SELF = YES;
				CLANG_WARN_OBJC_LITERAL_CONVERSION = YES;
				CLANG_WARN_OBJC_ROOT_CLASS = YES_ERROR;
				CLANG_WARN_QUOTED_INCLUDE_IN_FRAMEWORK_HEADER = YES;
				CLANG_WARN_RANGE_LOOP_ANALYSIS = YES;
				CLANG_WARN_STRICT_PROTOTYPES = YES;
				CLANG_WARN_SUSPICIOUS_MOVE = YES;
				CLANG_WARN_UNGUARDED_AVAILABILITY = YES_AGGRESSIVE;
				CLANG_WARN_UNREACHABLE_CODE = YES;
				CLANG_WARN__DUPLICATE_METHOD_MATCH = YES;
				COPY_PHASE_STRIP = NO;
				DEBUG_INFORMATION_FORMAT = dwarf;
				ENABLE_STRICT_OBJC_MSGSEND = YES;
				ENABLE_TESTABILITY = YES;
				GCC_C_LANGUAGE_STANDARD = gnu11;
				GCC_DYNAMIC_NO_PIC = NO;
				GCC_NO_COMMON_BLOCKS = YES;
				GCC_OPTIMIZATION_LEVEL = 0;
				GCC_PREPROCESSOR_DEFINITIONS = (
					"DEBUG=1",
					"$(inherited)",
				);
				GCC_WARN_64_TO_32_BIT_CONVERSION = YES;
				GCC_WARN_ABOUT_RETURN_TYPE = YES_ERROR;
				GCC_WARN_UNDECLARED_SELECTOR = YES;
				GCC_WARN_UNINITIALIZED_AUTOS = YES_AGGRESSIVE;
				GCC_WARN_UNUSED_FUNCTION = YES;
				GCC_WARN_UNUSED_VARIABLE = YES;
				IPHONEOS_DEPLOYMENT_TARGET = 16.1;
				MTL_ENABLE_DEBUG_INFO = INCLUDE_SOURCE;
				MTL_FAST_MATH = YES;
				ONLY_ACTIVE_ARCH = YES;
				SDKROOT = iphoneos;
				SWIFT_ACTIVE_COMPILATION_CONDITIONS = DEBUG;
				SWIFT_OPTIMIZATION_LEVEL = "-Onone";
			};
			name = Debug;
		};
		DDC51D2F2C13EC89007C82AA /* Release */ = {
			isa = XCBuildConfiguration;
			buildSettings = {
				ALWAYS_SEARCH_USER_PATHS = NO;
				CLANG_ANALYZER_NONNULL = YES;
				CLANG_ANALYZER_NUMBER_OBJECT_CONVERSION = YES_AGGRESSIVE;
				CLANG_CXX_LANGUAGE_STANDARD = "gnu++20";
				CLANG_ENABLE_MODULES = YES;
				CLANG_ENABLE_OBJC_ARC = YES;
				CLANG_ENABLE_OBJC_WEAK = YES;
				CLANG_WARN_BLOCK_CAPTURE_AUTORELEASING = YES;
				CLANG_WARN_BOOL_CONVERSION = YES;
				CLANG_WARN_COMMA = YES;
				CLANG_WARN_CONSTANT_CONVERSION = YES;
				CLANG_WARN_DEPRECATED_OBJC_IMPLEMENTATIONS = YES;
				CLANG_WARN_DIRECT_OBJC_ISA_USAGE = YES_ERROR;
				CLANG_WARN_DOCUMENTATION_COMMENTS = YES;
				CLANG_WARN_EMPTY_BODY = YES;
				CLANG_WARN_ENUM_CONVERSION = YES;
				CLANG_WARN_INFINITE_RECURSION = YES;
				CLANG_WARN_INT_CONVERSION = YES;
				CLANG_WARN_NON_LITERAL_NULL_CONVERSION = YES;
				CLANG_WARN_OBJC_IMPLICIT_RETAIN_SELF = YES;
				CLANG_WARN_OBJC_LITERAL_CONVERSION = YES;
				CLANG_WARN_OBJC_ROOT_CLASS = YES_ERROR;
				CLANG_WARN_QUOTED_INCLUDE_IN_FRAMEWORK_HEADER = YES;
				CLANG_WARN_RANGE_LOOP_ANALYSIS = YES;
				CLANG_WARN_STRICT_PROTOTYPES = YES;
				CLANG_WARN_SUSPICIOUS_MOVE = YES;
				CLANG_WARN_UNGUARDED_AVAILABILITY = YES_AGGRESSIVE;
				CLANG_WARN_UNREACHABLE_CODE = YES;
				CLANG_WARN__DUPLICATE_METHOD_MATCH = YES;
				COPY_PHASE_STRIP = NO;
				DEBUG_INFORMATION_FORMAT = "dwarf-with-dsym";
				ENABLE_NS_ASSERTIONS = NO;
				ENABLE_STRICT_OBJC_MSGSEND = YES;
				GCC_C_LANGUAGE_STANDARD = gnu11;
				GCC_NO_COMMON_BLOCKS = YES;
				GCC_WARN_64_TO_32_BIT_CONVERSION = YES;
				GCC_WARN_ABOUT_RETURN_TYPE = YES_ERROR;
				GCC_WARN_UNDECLARED_SELECTOR = YES;
				GCC_WARN_UNINITIALIZED_AUTOS = YES_AGGRESSIVE;
				GCC_WARN_UNUSED_FUNCTION = YES;
				GCC_WARN_UNUSED_VARIABLE = YES;
				IPHONEOS_DEPLOYMENT_TARGET = 16.1;
				MTL_ENABLE_DEBUG_INFO = NO;
				MTL_FAST_MATH = YES;
				SDKROOT = iphoneos;
				SWIFT_COMPILATION_MODE = wholemodule;
				SWIFT_OPTIMIZATION_LEVEL = "-O";
				VALIDATE_PRODUCT = YES;
			};
			name = Release;
		};
		DDC51D312C13EC89007C82AA /* Debug */ = {
			isa = XCBuildConfiguration;
			buildSettings = {
				ASSETCATALOG_COMPILER_APPICON_NAME = AppIcon;
				ASSETCATALOG_COMPILER_GLOBAL_ACCENT_COLOR_NAME = AccentColor;
				CODE_SIGN_STYLE = Automatic;
				CURRENT_PROJECT_VERSION = 1;
				DEVELOPMENT_TEAM = 96P2T6UMRT;
				GENERATE_INFOPLIST_FILE = YES;
				INFOPLIST_FILE = RickAndMorty/Info.plist;
				INFOPLIST_KEY_UIApplicationSupportsIndirectInputEvents = YES;
				INFOPLIST_KEY_UILaunchStoryboardName = LaunchScreen;
				INFOPLIST_KEY_UISupportedInterfaceOrientations_iPad = "UIInterfaceOrientationPortrait UIInterfaceOrientationPortraitUpsideDown UIInterfaceOrientationLandscapeLeft UIInterfaceOrientationLandscapeRight";
				INFOPLIST_KEY_UISupportedInterfaceOrientations_iPhone = "UIInterfaceOrientationPortrait UIInterfaceOrientationLandscapeLeft UIInterfaceOrientationLandscapeRight";
				LD_RUNPATH_SEARCH_PATHS = (
					"$(inherited)",
					"@executable_path/Frameworks",
				);
				MARKETING_VERSION = 1.0;
				PRODUCT_BUNDLE_IDENTIFIER = com.oguzhangumus.RickAndMorty;
				PRODUCT_NAME = "$(TARGET_NAME)";
				SWIFT_EMIT_LOC_STRINGS = YES;
				SWIFT_VERSION = 5.0;
				TARGETED_DEVICE_FAMILY = "1,2";
			};
			name = Debug;
		};
		DDC51D322C13EC89007C82AA /* Release */ = {
			isa = XCBuildConfiguration;
			buildSettings = {
				ASSETCATALOG_COMPILER_APPICON_NAME = AppIcon;
				ASSETCATALOG_COMPILER_GLOBAL_ACCENT_COLOR_NAME = AccentColor;
				CODE_SIGN_STYLE = Automatic;
				CURRENT_PROJECT_VERSION = 1;
				DEVELOPMENT_TEAM = 96P2T6UMRT;
				GENERATE_INFOPLIST_FILE = YES;
				INFOPLIST_FILE = RickAndMorty/Info.plist;
				INFOPLIST_KEY_UIApplicationSupportsIndirectInputEvents = YES;
				INFOPLIST_KEY_UILaunchStoryboardName = LaunchScreen;
				INFOPLIST_KEY_UISupportedInterfaceOrientations_iPad = "UIInterfaceOrientationPortrait UIInterfaceOrientationPortraitUpsideDown UIInterfaceOrientationLandscapeLeft UIInterfaceOrientationLandscapeRight";
				INFOPLIST_KEY_UISupportedInterfaceOrientations_iPhone = "UIInterfaceOrientationPortrait UIInterfaceOrientationLandscapeLeft UIInterfaceOrientationLandscapeRight";
				LD_RUNPATH_SEARCH_PATHS = (
					"$(inherited)",
					"@executable_path/Frameworks",
				);
				MARKETING_VERSION = 1.0;
				PRODUCT_BUNDLE_IDENTIFIER = com.oguzhangumus.RickAndMorty;
				PRODUCT_NAME = "$(TARGET_NAME)";
				SWIFT_EMIT_LOC_STRINGS = YES;
				SWIFT_VERSION = 5.0;
				TARGETED_DEVICE_FAMILY = "1,2";
			};
			name = Release;
		};
/* End XCBuildConfiguration section */

/* Begin XCConfigurationList section */
		DDC51D172C13EC89007C82AA /* Build configuration list for PBXProject "RickAndMorty" */ = {
			isa = XCConfigurationList;
			buildConfigurations = (
				DDC51D2E2C13EC89007C82AA /* Debug */,
				DDC51D2F2C13EC89007C82AA /* Release */,
			);
			defaultConfigurationIsVisible = 0;
			defaultConfigurationName = Release;
		};
		DDC51D302C13EC89007C82AA /* Build configuration list for PBXNativeTarget "RickAndMorty" */ = {
			isa = XCConfigurationList;
			buildConfigurations = (
				DDC51D312C13EC89007C82AA /* Debug */,
				DDC51D322C13EC89007C82AA /* Release */,
			);
			defaultConfigurationIsVisible = 0;
			defaultConfigurationName = Release;
		};
/* End XCConfigurationList section */
	};
	rootObject = DDC51D142C13EC89007C82AA /* Project object */;
}
